# This file is generated by running "yarn install" inside your project.
# Manual changes might be lost - proceed with caution!

__metadata:
  version: 8
  cacheKey: 10c0

"@csfloat/cs2-inspect-serializer@npm:^1.1.6":
  version: 1.1.6
  resolution: "@csfloat/cs2-inspect-serializer@npm:1.1.6"
  dependencies:
    "@protobuf-ts/runtime": "npm:2.11.1"
    buffer: "npm:6.0.3"
    crc-32: "npm:1.2.2"
  checksum: 10c0/adb55d82fe833baadb172ce59881378885083812f22d860f47985e10b7238a17d924f246a3d44e91d39ad658206e687305b52c58230b4b38ebd21caeee949518
  languageName: node
  linkType: hard

"@protobuf-ts/runtime@npm:2.11.1":
  version: 2.11.1
  resolution: "@protobuf-ts/runtime@npm:2.11.1"
  checksum: 10c0/6071c0373251e915cebb449fb7bf3254e946534edf4c4eb6e89933989a3ab5dcb148ed82cc0ea844bbc2f4346d0dc76f852c2b5f900a6bdaa35e5fb2cb4666f9
  languageName: node
  linkType: hard

"base64-js@npm:^1.3.1":
  version: 1.5.1
  resolution: "base64-js@npm:1.5.1"
  checksum: 10c0/f23823513b63173a001030fae4f2dabe283b99a9d324ade3ad3d148e218134676f1ee8568c877cd79ec1c53158dcf2d2ba527a97c606618928ba99dd930102bf
  languageName: node
  linkType: hard

"buffer@npm:6.0.3":
  version: 6.0.3
  resolution: "buffer@npm:6.0.3"
  dependencies:
    base64-js: "npm:^1.3.1"
    ieee754: "npm:^1.2.1"
  checksum: 10c0/2a905fbbcde73cc5d8bd18d1caa23715d5f83a5935867c2329f0ac06104204ba7947be098fe1317fbd8830e26090ff8e764f08cd14fefc977bb248c3487bcbd0
  languageName: node
  linkType: hard

"crc-32@npm:1.2.2":
  version: 1.2.2
  resolution: "crc-32@npm:1.2.2"
  bin:
    crc32: bin/crc32.njs
  checksum: 10c0/11dcf4a2e77ee793835d49f2c028838eae58b44f50d1ff08394a610bfd817523f105d6ae4d9b5bef0aad45510f633eb23c903e9902e4409bed1ce70cb82b9bf0
  languageName: node
  linkType: hard

"ieee754@npm:^1.2.1":
  version: 1.2.1
  resolution: "ieee754@npm:1.2.1"
  checksum: 10c0/b0782ef5e0935b9f12883a2e2aa37baa75da6e66ce6515c168697b42160807d9330de9a32ec1ed73149aea02e0d822e572bca6f1e22bdcbd2149e13b050b17bb
  languageName: node
  linkType: hard

"test@workspace:.":
  version: 0.0.0-use.local
  resolution: "test@workspace:."
  dependencies:
    "@csfloat/cs2-inspect-serializer": "npm:^1.1.6"
  languageName: unknown
  linkType: soft
